Microsoft Visual Studio Solution File, Format Version 12.00
# Visual Studio Version 17
VisualStudioVersion = 17.5.2.0
MinimumVisualStudioVersion = 10.0.40219.1
Project("{FAE04EC0-301F-11D3-BF4B-00C04F79EFBC}") = "ExemploR", "ExemploR.csproj", "{B1982ABB-1611-C0C7-BFD2-D95E0FF053FD}"
EndProject
Global
	GlobalSection(SolutionConfigurationPlatforms) = preSolution
		Debug|Any CPU = Debug|Any CPU
		Release|Any CPU = Release|Any CPU
	EndGlobalSection
	GlobalSection(ProjectConfigurationPlatforms) = postSolution
		{B1982ABB-1611-C0C7-BFD2-D95E0FF053FD}.Debug|Any CPU.ActiveCfg = Debug|Any CPU
		{B1982ABB-1611-C0C7-BFD2-D95E0FF053FD}.Debug|Any CPU.Build.0 = Debug|Any CPU
		{B1982ABB-1611-C0C7-BFD2-D95E0FF053FD}.Release|Any CPU.ActiveCfg = Release|Any CPU
		{B1982ABB-1611-C0C7-BFD2-D95E0FF053FD}.Release|Any CPU.Build.0 = Release|Any CPU
	EndGlobalSection
	GlobalSection(SolutionProperties) = preSolution
		HideSolutionNode = FALSE
	EndGlobalSection
	GlobalSection(ExtensibilityGlobals) = postSolution
		SolutionGuid = {D557C6D8-5250-4B5E-9780-626880405E35}
	EndGlobalSection
EndGlobal
