Microsoft Visual Studio Solution File, Format Version 12.00
# Visual Studio Version 17
VisualStudioVersion = 17.5.2.0
MinimumVisualStudioVersion = 10.0.40219.1
Project("{FAE04EC0-301F-11D3-BF4B-00C04F79EFBC}") = "AgenciaT", "AgenciaT.csproj", "{BF9206A6-A52B-6271-ACC9-6ACEAD5317EC}"
EndProject
Global
	GlobalSection(SolutionConfigurationPlatforms) = preSolution
		Debug|Any CPU = Debug|Any CPU
		Release|Any CPU = Release|Any CPU
	EndGlobalSection
	GlobalSection(ProjectConfigurationPlatforms) = postSolution
		{BF9206A6-A52B-6271-ACC9-6ACEAD5317EC}.Debug|Any CPU.ActiveCfg = Debug|Any CPU
		{BF9206A6-A52B-6271-ACC9-6ACEAD5317EC}.Debug|Any CPU.Build.0 = Debug|Any CPU
		{BF9206A6-A52B-6271-ACC9-6ACEAD5317EC}.Release|Any CPU.ActiveCfg = Release|Any CPU
		{BF9206A6-A52B-6271-ACC9-6ACEAD5317EC}.Release|Any CPU.Build.0 = Release|Any CPU
	EndGlobalSection
	GlobalSection(SolutionProperties) = preSolution
		HideSolutionNode = FALSE
	EndGlobalSection
	GlobalSection(ExtensibilityGlobals) = postSolution
		SolutionGuid = {90073400-0D03-406D-9479-39EC076F139A}
	EndGlobalSection
EndGlobal
